
Microsoft Visual Studio Solution File, Format Version 12.00
# Visual Studio Version 17
VisualStudioVersion = 17.7.34018.315
MinimumVisualStudioVersion = 10.0.40219.1
Project("{FAE04EC0-301F-11D3-BF4B-00C04F79EFBC}") = "PokeRestaurant.Web", "PokeRestaurant.Web\PokeRestaurant.Web.csproj", "{A720F4DC-9BAB-4D24-B44A-6E1F528E4535}"
EndProject
Project("{FAE04EC0-301F-11D3-BF4B-00C04F79EFBC}") = "PokeRestaurant.Data", "PokeRestaurant.Data\PokeRestaurant.Data.csproj", "{5367B2C9-F02C-4937-9455-CF6EDE5CD067}"
EndProject
Global
	GlobalSection(SolutionConfigurationPlatforms) = preSolution
		Debug|Any CPU = Debug|Any CPU
		Release|Any CPU = Release|Any CPU
	EndGlobalSection
	GlobalSection(ProjectConfigurationPlatforms) = postSolution
		{A720F4DC-9BAB-4D24-B44A-6E1F528E4535}.Debug|Any CPU.ActiveCfg = Debug|Any CPU
		{A720F4DC-9BAB-4D24-B44A-6E1F528E4535}.Debug|Any CPU.Build.0 = Debug|Any CPU
		{A720F4DC-9BAB-4D24-B44A-6E1F528E4535}.Release|Any CPU.ActiveCfg = Release|Any CPU
		{A720F4DC-9BAB-4D24-B44A-6E1F528E4535}.Release|Any CPU.Build.0 = Release|Any CPU
		{5367B2C9-F02C-4937-9455-CF6EDE5CD067}.Debug|Any CPU.ActiveCfg = Debug|Any CPU
		{5367B2C9-F02C-4937-9455-CF6EDE5CD067}.Debug|Any CPU.Build.0 = Debug|Any CPU
		{5367B2C9-F02C-4937-9455-CF6EDE5CD067}.Release|Any CPU.ActiveCfg = Release|Any CPU
		{5367B2C9-F02C-4937-9455-CF6EDE5CD067}.Release|Any CPU.Build.0 = Release|Any CPU
	EndGlobalSection
	GlobalSection(SolutionProperties) = preSolution
		HideSolutionNode = FALSE
	EndGlobalSection
	GlobalSection(ExtensibilityGlobals) = postSolution
		SolutionGuid = {5520308A-B3F3-4882-AEA8-523C0958EC30}
	EndGlobalSection
EndGlobal
